
Microsoft Visual Studio Solution File, Format Version 12.00
# Visual Studio Version 17
VisualStudioVersion = 17.2.32526.322
MinimumVisualStudioVersion = 10.0.40219.1
Project("{FAE04EC0-301F-11D3-BF4B-00C04F79EFBC}") = "InternetAuction", "InternetAuction.csproj", "{5A4300A3-1D2E-47D9-A74D-16335C9C3FA7}"
EndProject
Project("{2150E333-8FDC-42A3-9474-1A3956D46DE8}") = "DAL", "DAL", "{0A2ACDB8-BFB2-4CFE-A879-373E69F2C431}"
EndProject
Project("{2150E333-8FDC-42A3-9474-1A3956D46DE8}") = "BLL", "BLL", "{5530DC87-FECC-4564-9B35-571D692F5359}"
EndProject
Project("{2150E333-8FDC-42A3-9474-1A3956D46DE8}") = "UI", "UI", "{6F9D77AF-81EE-419A-B938-CD7F8EDD6F36}"
EndProject
Global
	GlobalSection(SolutionConfigurationPlatforms) = preSolution
		Debug|Any CPU = Debug|Any CPU
		Release|Any CPU = Release|Any CPU
	EndGlobalSection
	GlobalSection(ProjectConfigurationPlatforms) = postSolution
		{5A4300A3-1D2E-47D9-A74D-16335C9C3FA7}.Debug|Any CPU.ActiveCfg = Debug|Any CPU
		{5A4300A3-1D2E-47D9-A74D-16335C9C3FA7}.Debug|Any CPU.Build.0 = Debug|Any CPU
		{5A4300A3-1D2E-47D9-A74D-16335C9C3FA7}.Release|Any CPU.ActiveCfg = Release|Any CPU
		{5A4300A3-1D2E-47D9-A74D-16335C9C3FA7}.Release|Any CPU.Build.0 = Release|Any CPU
	EndGlobalSection
	GlobalSection(SolutionProperties) = preSolution
		HideSolutionNode = FALSE
	EndGlobalSection
	GlobalSection(NestedProjects) = preSolution
		{5A4300A3-1D2E-47D9-A74D-16335C9C3FA7} = {6F9D77AF-81EE-419A-B938-CD7F8EDD6F36}
	EndGlobalSection
	GlobalSection(ExtensibilityGlobals) = postSolution
		SolutionGuid = {14CC480E-4498-4CA1-AA38-E8F82DAA05CF}
	EndGlobalSection
EndGlobal
