
Microsoft Visual Studio Solution File, Format Version 12.00
# Visual Studio Version 17
VisualStudioVersion = 17.2.32602.215
MinimumVisualStudioVersion = 10.0.40219.1
Project("{9A19103F-16F7-4668-BE54-9A1E7A4F7556}") = "InternetAuction", "InternetAuction.csproj", "{5A4300A3-1D2E-47D9-A74D-16335C9C3FA7}"
EndProject
Project("{2150E333-8FDC-42A3-9474-1A3956D46DE8}") = "DAL", "DAL", "{0A2ACDB8-BFB2-4CFE-A879-373E69F2C431}"
EndProject
Project("{2150E333-8FDC-42A3-9474-1A3956D46DE8}") = "BLL", "BLL", "{5530DC87-FECC-4564-9B35-571D692F5359}"
EndProject
Project("{2150E333-8FDC-42A3-9474-1A3956D46DE8}") = "UI", "UI", "{6F9D77AF-81EE-419A-B938-CD7F8EDD6F36}"
EndProject
Project("{9A19103F-16F7-4668-BE54-9A1E7A4F7556}") = "InternetAuction.DAL.MSSQL", "..\..\DAL\InternetAuction.DAL.MSSQL\InternetAuction.DAL.MSSQL.csproj", "{2AD01A9F-5A52-4982-A14F-3FB554EC935C}"
EndProject
Project("{9A19103F-16F7-4668-BE54-9A1E7A4F7556}") = "InternetAuction.DAL.MongoDB", "..\..\DAL\InternetAuction.DAL.MongoDB\InternetAuction.DAL.MongoDB.csproj", "{6CEAEE10-2DD8-4B52-9217-D4B6B97FE8AF}"
EndProject
Project("{9A19103F-16F7-4668-BE54-9A1E7A4F7556}") = "InternetAuction.DAL.Entities", "..\..\DAL\InternetAuction.DAL.Entities\InternetAuction.DAL.Entities.csproj", "{6AF3C87F-FAD8-45CB-9970-BC0BD60FD6DD}"
EndProject
Project("{9A19103F-16F7-4668-BE54-9A1E7A4F7556}") = "InternetAuction.BLL.Contract", "..\..\BLL\InternetAuction.BLL.Contract\InternetAuction.BLL.Contract.csproj", "{5B69A03A-2AC2-40B6-A226-9F1253F3FB89}"
EndProject
Project("{9A19103F-16F7-4668-BE54-9A1E7A4F7556}") = "InternetAuction.BLL.DTO", "..\..\BLL\InternetAuction.BLL.DTO\InternetAuction.BLL.DTO.csproj", "{609E7997-1104-4996-9626-A51F808FDF0C}"
EndProject
Project("{9A19103F-16F7-4668-BE54-9A1E7A4F7556}") = "InternetAuction.BLL", "..\..\BLL\InternetAuction.BLL\InternetAuction.BLL.csproj", "{F0D5C7AB-83D0-44FA-8941-E21C9DAB41EA}"
EndProject
Project("{9A19103F-16F7-4668-BE54-9A1E7A4F7556}") = "InternetAuction.DAL.Data", "..\..\DAL\InternetAuction.DAL.Repositories\InternetAuction.DAL.Data.csproj", "{F2E9D096-E60F-4177-8429-3491341A8D4E}"
EndProject
Project("{9A19103F-16F7-4668-BE54-9A1E7A4F7556}") = "InternetAuction.DAL.Contract", "..\..\DAL\InternetAuction.DAL.Contract\InternetAuction.DAL.Contract.csproj", "{355B49BD-7874-4BE0-8990-0744156A8073}"
EndProject
Project("{9A19103F-16F7-4668-BE54-9A1E7A4F7556}") = "Imternet.Tests", "..\..\BLL\Imternet.Tests\Imternet.Tests.csproj", "{4821FF50-EABD-4107-93D7-9A8B1F4E10FF}"
EndProject
Project("{9A19103F-16F7-4668-BE54-9A1E7A4F7556}") = "InternetAuction.WEB.Pages", "..\InternetAuction.WEB.Pages\InternetAuction.WEB.Pages.csproj", "{E50D0471-B894-49AF-B39C-3BB2325C002D}"
EndProject
Project("{9A19103F-16F7-4668-BE54-9A1E7A4F7556}") = "InternetAuction.WEB.Domain", "..\InternetAuction.WEB.Domain\InternetAuction.WEB.Domain.csproj", "{E0DBAD1D-EA2F-4B2F-9F8F-6CC3E746A60F}"
EndProject
Global
	GlobalSection(SolutionConfigurationPlatforms) = preSolution
		Debug|Any CPU = Debug|Any CPU
		Release|Any CPU = Release|Any CPU
	EndGlobalSection
	GlobalSection(ProjectConfigurationPlatforms) = postSolution
		{5A4300A3-1D2E-47D9-A74D-16335C9C3FA7}.Debug|Any CPU.ActiveCfg = Debug|Any CPU
		{5A4300A3-1D2E-47D9-A74D-16335C9C3FA7}.Debug|Any CPU.Build.0 = Debug|Any CPU
		{5A4300A3-1D2E-47D9-A74D-16335C9C3FA7}.Release|Any CPU.ActiveCfg = Release|Any CPU
		{5A4300A3-1D2E-47D9-A74D-16335C9C3FA7}.Release|Any CPU.Build.0 = Release|Any CPU
		{2AD01A9F-5A52-4982-A14F-3FB554EC935C}.Debug|Any CPU.ActiveCfg = Debug|Any CPU
		{2AD01A9F-5A52-4982-A14F-3FB554EC935C}.Debug|Any CPU.Build.0 = Debug|Any CPU
		{2AD01A9F-5A52-4982-A14F-3FB554EC935C}.Release|Any CPU.ActiveCfg = Release|Any CPU
		{2AD01A9F-5A52-4982-A14F-3FB554EC935C}.Release|Any CPU.Build.0 = Release|Any CPU
		{6CEAEE10-2DD8-4B52-9217-D4B6B97FE8AF}.Debug|Any CPU.ActiveCfg = Debug|Any CPU
		{6CEAEE10-2DD8-4B52-9217-D4B6B97FE8AF}.Debug|Any CPU.Build.0 = Debug|Any CPU
		{6CEAEE10-2DD8-4B52-9217-D4B6B97FE8AF}.Release|Any CPU.ActiveCfg = Release|Any CPU
		{6CEAEE10-2DD8-4B52-9217-D4B6B97FE8AF}.Release|Any CPU.Build.0 = Release|Any CPU
		{6AF3C87F-FAD8-45CB-9970-BC0BD60FD6DD}.Debug|Any CPU.ActiveCfg = Debug|Any CPU
		{6AF3C87F-FAD8-45CB-9970-BC0BD60FD6DD}.Debug|Any CPU.Build.0 = Debug|Any CPU
		{6AF3C87F-FAD8-45CB-9970-BC0BD60FD6DD}.Release|Any CPU.ActiveCfg = Release|Any CPU
		{6AF3C87F-FAD8-45CB-9970-BC0BD60FD6DD}.Release|Any CPU.Build.0 = Release|Any CPU
		{5B69A03A-2AC2-40B6-A226-9F1253F3FB89}.Debug|Any CPU.ActiveCfg = Debug|Any CPU
		{5B69A03A-2AC2-40B6-A226-9F1253F3FB89}.Debug|Any CPU.Build.0 = Debug|Any CPU
		{5B69A03A-2AC2-40B6-A226-9F1253F3FB89}.Release|Any CPU.ActiveCfg = Release|Any CPU
		{5B69A03A-2AC2-40B6-A226-9F1253F3FB89}.Release|Any CPU.Build.0 = Release|Any CPU
		{609E7997-1104-4996-9626-A51F808FDF0C}.Debug|Any CPU.ActiveCfg = Debug|Any CPU
		{609E7997-1104-4996-9626-A51F808FDF0C}.Debug|Any CPU.Build.0 = Debug|Any CPU
		{609E7997-1104-4996-9626-A51F808FDF0C}.Release|Any CPU.ActiveCfg = Release|Any CPU
		{609E7997-1104-4996-9626-A51F808FDF0C}.Release|Any CPU.Build.0 = Release|Any CPU
		{F0D5C7AB-83D0-44FA-8941-E21C9DAB41EA}.Debug|Any CPU.ActiveCfg = Debug|Any CPU
		{F0D5C7AB-83D0-44FA-8941-E21C9DAB41EA}.Debug|Any CPU.Build.0 = Debug|Any CPU
		{F0D5C7AB-83D0-44FA-8941-E21C9DAB41EA}.Release|Any CPU.ActiveCfg = Release|Any CPU
		{F0D5C7AB-83D0-44FA-8941-E21C9DAB41EA}.Release|Any CPU.Build.0 = Release|Any CPU
		{F2E9D096-E60F-4177-8429-3491341A8D4E}.Debug|Any CPU.ActiveCfg = Debug|Any CPU
		{F2E9D096-E60F-4177-8429-3491341A8D4E}.Debug|Any CPU.Build.0 = Debug|Any CPU
		{F2E9D096-E60F-4177-8429-3491341A8D4E}.Release|Any CPU.ActiveCfg = Release|Any CPU
		{F2E9D096-E60F-4177-8429-3491341A8D4E}.Release|Any CPU.Build.0 = Release|Any CPU
		{355B49BD-7874-4BE0-8990-0744156A8073}.Debug|Any CPU.ActiveCfg = Debug|Any CPU
		{355B49BD-7874-4BE0-8990-0744156A8073}.Debug|Any CPU.Build.0 = Debug|Any CPU
		{355B49BD-7874-4BE0-8990-0744156A8073}.Release|Any CPU.ActiveCfg = Release|Any CPU
		{355B49BD-7874-4BE0-8990-0744156A8073}.Release|Any CPU.Build.0 = Release|Any CPU
		{4821FF50-EABD-4107-93D7-9A8B1F4E10FF}.Debug|Any CPU.ActiveCfg = Debug|Any CPU
		{4821FF50-EABD-4107-93D7-9A8B1F4E10FF}.Debug|Any CPU.Build.0 = Debug|Any CPU
		{4821FF50-EABD-4107-93D7-9A8B1F4E10FF}.Release|Any CPU.ActiveCfg = Release|Any CPU
		{4821FF50-EABD-4107-93D7-9A8B1F4E10FF}.Release|Any CPU.Build.0 = Release|Any CPU
		{E50D0471-B894-49AF-B39C-3BB2325C002D}.Debug|Any CPU.ActiveCfg = Debug|Any CPU
		{E50D0471-B894-49AF-B39C-3BB2325C002D}.Debug|Any CPU.Build.0 = Debug|Any CPU
		{E50D0471-B894-49AF-B39C-3BB2325C002D}.Release|Any CPU.ActiveCfg = Release|Any CPU
		{E50D0471-B894-49AF-B39C-3BB2325C002D}.Release|Any CPU.Build.0 = Release|Any CPU
		{E0DBAD1D-EA2F-4B2F-9F8F-6CC3E746A60F}.Debug|Any CPU.ActiveCfg = Debug|Any CPU
		{E0DBAD1D-EA2F-4B2F-9F8F-6CC3E746A60F}.Debug|Any CPU.Build.0 = Debug|Any CPU
		{E0DBAD1D-EA2F-4B2F-9F8F-6CC3E746A60F}.Release|Any CPU.ActiveCfg = Release|Any CPU
		{E0DBAD1D-EA2F-4B2F-9F8F-6CC3E746A60F}.Release|Any CPU.Build.0 = Release|Any CPU
	EndGlobalSection
	GlobalSection(SolutionProperties) = preSolution
		HideSolutionNode = FALSE
	EndGlobalSection
	GlobalSection(NestedProjects) = preSolution
		{5A4300A3-1D2E-47D9-A74D-16335C9C3FA7} = {6F9D77AF-81EE-419A-B938-CD7F8EDD6F36}
		{2AD01A9F-5A52-4982-A14F-3FB554EC935C} = {0A2ACDB8-BFB2-4CFE-A879-373E69F2C431}
		{6CEAEE10-2DD8-4B52-9217-D4B6B97FE8AF} = {0A2ACDB8-BFB2-4CFE-A879-373E69F2C431}
		{6AF3C87F-FAD8-45CB-9970-BC0BD60FD6DD} = {0A2ACDB8-BFB2-4CFE-A879-373E69F2C431}
		{5B69A03A-2AC2-40B6-A226-9F1253F3FB89} = {5530DC87-FECC-4564-9B35-571D692F5359}
		{609E7997-1104-4996-9626-A51F808FDF0C} = {5530DC87-FECC-4564-9B35-571D692F5359}
		{F0D5C7AB-83D0-44FA-8941-E21C9DAB41EA} = {5530DC87-FECC-4564-9B35-571D692F5359}
		{F2E9D096-E60F-4177-8429-3491341A8D4E} = {0A2ACDB8-BFB2-4CFE-A879-373E69F2C431}
		{355B49BD-7874-4BE0-8990-0744156A8073} = {0A2ACDB8-BFB2-4CFE-A879-373E69F2C431}
		{4821FF50-EABD-4107-93D7-9A8B1F4E10FF} = {5530DC87-FECC-4564-9B35-571D692F5359}
		{E50D0471-B894-49AF-B39C-3BB2325C002D} = {6F9D77AF-81EE-419A-B938-CD7F8EDD6F36}
		{E0DBAD1D-EA2F-4B2F-9F8F-6CC3E746A60F} = {6F9D77AF-81EE-419A-B938-CD7F8EDD6F36}
	EndGlobalSection
	GlobalSection(ExtensibilityGlobals) = postSolution
		SolutionGuid = {14CC480E-4498-4CA1-AA38-E8F82DAA05CF}
	EndGlobalSection
EndGlobal
